
Microsoft Visual Studio Solution File, Format Version 12.00
# Visual Studio Version 17
VisualStudioVersion = 17.2.32630.192
MinimumVisualStudioVersion = 10.0.40219.1
Project("{FAE04EC0-301F-11D3-BF4B-00C04F79EFBC}") = "DeliveryService_WebAPI", "DeliveryService_WebAPI.csproj", "{7274817B-3A49-40E0-BF9F-C8363032CCAF}"
EndProject
Global
	GlobalSection(SolutionConfigurationPlatforms) = preSolution
		Debug|Any CPU = Debug|Any CPU
		Release|Any CPU = Release|Any CPU
	EndGlobalSection
	GlobalSection(ProjectConfigurationPlatforms) = postSolution
		{7274817B-3A49-40E0-BF9F-C8363032CCAF}.Debug|Any CPU.ActiveCfg = Debug|Any CPU
		{7274817B-3A49-40E0-BF9F-C8363032CCAF}.Debug|Any CPU.Build.0 = Debug|Any CPU
		{7274817B-3A49-40E0-BF9F-C8363032CCAF}.Release|Any CPU.ActiveCfg = Release|Any CPU
		{7274817B-3A49-40E0-BF9F-C8363032CCAF}.Release|Any CPU.Build.0 = Release|Any CPU
	EndGlobalSection
	GlobalSection(SolutionProperties) = preSolution
		HideSolutionNode = FALSE
	EndGlobalSection
	GlobalSection(ExtensibilityGlobals) = postSolution
		SolutionGuid = {05B37FD2-EFE6-47AC-ABF0-EC903AEA6E65}
	EndGlobalSection
EndGlobal
